
Microsoft Visual Studio Solution File, Format Version 12.00
# Visual Studio Version 17
VisualStudioVersion = 17.10.35122.118
MinimumVisualStudioVersion = 10.0.40219.1
Project("{FAE04EC0-301F-11D3-BF4B-00C04F79EFBC}") = "Constructores ejemplo", "Constructores ejemplo\Constructores ejemplo.csproj", "{42D71C12-1644-45AB-B2D8-387078875379}"
EndProject
Global
	GlobalSection(SolutionConfigurationPlatforms) = preSolution
		Debug|Any CPU = Debug|Any CPU
		Release|Any CPU = Release|Any CPU
	EndGlobalSection
	GlobalSection(ProjectConfigurationPlatforms) = postSolution
		{42D71C12-1644-45AB-B2D8-387078875379}.Debug|Any CPU.ActiveCfg = Debug|Any CPU
		{42D71C12-1644-45AB-B2D8-387078875379}.Debug|Any CPU.Build.0 = Debug|Any CPU
		{42D71C12-1644-45AB-B2D8-387078875379}.Release|Any CPU.ActiveCfg = Release|Any CPU
		{42D71C12-1644-45AB-B2D8-387078875379}.Release|Any CPU.Build.0 = Release|Any CPU
	EndGlobalSection
	GlobalSection(SolutionProperties) = preSolution
		HideSolutionNode = FALSE
	EndGlobalSection
	GlobalSection(ExtensibilityGlobals) = postSolution
		SolutionGuid = {6E26DC64-0A58-47DA-8C84-D4B619B75927}
	EndGlobalSection
EndGlobal
