
Microsoft Visual Studio Solution File, Format Version 12.00
# Visual Studio Version 17
VisualStudioVersion = 17.10.35122.118
MinimumVisualStudioVersion = 10.0.40219.1
Project("{FAE04EC0-301F-11D3-BF4B-00C04F79EFBC}") = "ConceptosPOO", "ConceptosPOO\ConceptosPOO.csproj", "{9F475AD0-2EA8-4130-B888-16EDFDC221E0}"
EndProject
Global
	GlobalSection(SolutionConfigurationPlatforms) = preSolution
		Debug|Any CPU = Debug|Any CPU
		Release|Any CPU = Release|Any CPU
	EndGlobalSection
	GlobalSection(ProjectConfigurationPlatforms) = postSolution
		{9F475AD0-2EA8-4130-B888-16EDFDC221E0}.Debug|Any CPU.ActiveCfg = Debug|Any CPU
		{9F475AD0-2EA8-4130-B888-16EDFDC221E0}.Debug|Any CPU.Build.0 = Debug|Any CPU
		{9F475AD0-2EA8-4130-B888-16EDFDC221E0}.Release|Any CPU.ActiveCfg = Release|Any CPU
		{9F475AD0-2EA8-4130-B888-16EDFDC221E0}.Release|Any CPU.Build.0 = Release|Any CPU
	EndGlobalSection
	GlobalSection(SolutionProperties) = preSolution
		HideSolutionNode = FALSE
	EndGlobalSection
	GlobalSection(ExtensibilityGlobals) = postSolution
		SolutionGuid = {9AE701CA-518D-44D5-B94B-E01BECD34B7C}
	EndGlobalSection
EndGlobal
